
Microsoft Visual Studio Solution File, Format Version 12.00
# Visual Studio Version 16
VisualStudioVersion = 16.0.29905.134
MinimumVisualStudioVersion = 10.0.40219.1
Project("{2150E333-8FDC-42A3-9474-1A3956D46DE8}") = "tests", "tests", "{CBE9A545-BABE-47D5-849D-4837BE55CDC9}"
EndProject
Project("{2150E333-8FDC-42A3-9474-1A3956D46DE8}") = "nuget", "nuget", "{95F9BE95-E62E-4DCE-A6BF-6F49FB46DDB6}"
	ProjectSection(SolutionItems) = preProject
		Pagination.nuspec = Pagination.nuspec
		Pagination.Web.Mvc.nuspec = Pagination.Web.Mvc.nuspec
		Pagination.Web.nuspec = Pagination.Web.nuspec
	EndProjectSection
EndProject
Project("{2150E333-8FDC-42A3-9474-1A3956D46DE8}") = "tool", "tool", "{139FFCCD-2B73-436E-9DD7-F79885A5245D}"
EndProject
Project("{FAE04EC0-301F-11D3-BF4B-00C04F79EFBC}") = "Pagination.Release", "Pagination.Release\Pagination.Release.csproj", "{FC5470D7-83E1-4960-BB8E-C15D9A66370B}"
EndProject
Project("{FAE04EC0-301F-11D3-BF4B-00C04F79EFBC}") = "Pagination.Sample", "Pagination.Sample\Pagination.Sample.csproj", "{5531F98E-E309-4601-8AC5-95AF09206650}"
EndProject
Project("{9A19103F-16F7-4668-BE54-9A1E7A4F7556}") = "Pagination", "Pagination\Pagination.csproj", "{C1F9ACC8-38B9-4E80-8097-740693BC6EBA}"
EndProject
Project("{2150E333-8FDC-42A3-9474-1A3956D46DE8}") = "properties", "properties", "{5FD6A301-59F6-4089-A0F0-9FDBBD3EE0A5}"
	ProjectSection(SolutionItems) = preProject
		Directory.Build.props = Directory.Build.props
	EndProjectSection
EndProject
Project("{9A19103F-16F7-4668-BE54-9A1E7A4F7556}") = "Pagination.Tests", "Pagination.Tests\Pagination.Tests.csproj", "{0775B208-5B5E-44E5-904E-7872E59120F4}"
EndProject
Project("{9A19103F-16F7-4668-BE54-9A1E7A4F7556}") = "Pagination.Web", "Pagination.Web\Pagination.Web.csproj", "{C6BE6E20-7E3C-4416-8DD2-AC6515054D20}"
EndProject
Project("{9A19103F-16F7-4668-BE54-9A1E7A4F7556}") = "Pagination.Web.Tests", "Pagination.Web.Tests\Pagination.Web.Tests.csproj", "{829CF817-FC2F-4045-AB6C-474F51A83BC8}"
EndProject
Project("{FAE04EC0-301F-11D3-BF4B-00C04F79EFBC}") = "Pagination.Web.Mvc", "Pagination.Web.Mvc\Pagination.Web.Mvc.csproj", "{C67E7CD5-16E8-494F-992D-949A675BF84B}"
EndProject
Project("{FAE04EC0-301F-11D3-BF4B-00C04F79EFBC}") = "Pagination.Web.Mvc.Tests", "Pagination.Web.Mvc.Tests\Pagination.Web.Mvc.Tests.csproj", "{1613A081-4D59-4E3D-B35A-CD474A78F1EB}"
EndProject
Global
	GlobalSection(SolutionConfigurationPlatforms) = preSolution
		Debug|Any CPU = Debug|Any CPU
		Release|Any CPU = Release|Any CPU
	EndGlobalSection
	GlobalSection(ProjectConfigurationPlatforms) = postSolution
		{FC5470D7-83E1-4960-BB8E-C15D9A66370B}.Debug|Any CPU.ActiveCfg = Debug|Any CPU
		{FC5470D7-83E1-4960-BB8E-C15D9A66370B}.Debug|Any CPU.Build.0 = Debug|Any CPU
		{FC5470D7-83E1-4960-BB8E-C15D9A66370B}.Release|Any CPU.ActiveCfg = Release|Any CPU
		{FC5470D7-83E1-4960-BB8E-C15D9A66370B}.Release|Any CPU.Build.0 = Release|Any CPU
		{5531F98E-E309-4601-8AC5-95AF09206650}.Debug|Any CPU.ActiveCfg = Debug|Any CPU
		{5531F98E-E309-4601-8AC5-95AF09206650}.Debug|Any CPU.Build.0 = Debug|Any CPU
		{5531F98E-E309-4601-8AC5-95AF09206650}.Release|Any CPU.ActiveCfg = Release|Any CPU
		{5531F98E-E309-4601-8AC5-95AF09206650}.Release|Any CPU.Build.0 = Release|Any CPU
		{C1F9ACC8-38B9-4E80-8097-740693BC6EBA}.Debug|Any CPU.ActiveCfg = Debug|Any CPU
		{C1F9ACC8-38B9-4E80-8097-740693BC6EBA}.Debug|Any CPU.Build.0 = Debug|Any CPU
		{C1F9ACC8-38B9-4E80-8097-740693BC6EBA}.Release|Any CPU.ActiveCfg = Release|Any CPU
		{C1F9ACC8-38B9-4E80-8097-740693BC6EBA}.Release|Any CPU.Build.0 = Release|Any CPU
		{0775B208-5B5E-44E5-904E-7872E59120F4}.Debug|Any CPU.ActiveCfg = Debug|Any CPU
		{0775B208-5B5E-44E5-904E-7872E59120F4}.Debug|Any CPU.Build.0 = Debug|Any CPU
		{0775B208-5B5E-44E5-904E-7872E59120F4}.Release|Any CPU.ActiveCfg = Release|Any CPU
		{0775B208-5B5E-44E5-904E-7872E59120F4}.Release|Any CPU.Build.0 = Release|Any CPU
		{C6BE6E20-7E3C-4416-8DD2-AC6515054D20}.Debug|Any CPU.ActiveCfg = Debug|Any CPU
		{C6BE6E20-7E3C-4416-8DD2-AC6515054D20}.Debug|Any CPU.Build.0 = Debug|Any CPU
		{C6BE6E20-7E3C-4416-8DD2-AC6515054D20}.Release|Any CPU.ActiveCfg = Release|Any CPU
		{C6BE6E20-7E3C-4416-8DD2-AC6515054D20}.Release|Any CPU.Build.0 = Release|Any CPU
		{829CF817-FC2F-4045-AB6C-474F51A83BC8}.Debug|Any CPU.ActiveCfg = Debug|Any CPU
		{829CF817-FC2F-4045-AB6C-474F51A83BC8}.Debug|Any CPU.Build.0 = Debug|Any CPU
		{829CF817-FC2F-4045-AB6C-474F51A83BC8}.Release|Any CPU.ActiveCfg = Release|Any CPU
		{829CF817-FC2F-4045-AB6C-474F51A83BC8}.Release|Any CPU.Build.0 = Release|Any CPU
		{C67E7CD5-16E8-494F-992D-949A675BF84B}.Debug|Any CPU.ActiveCfg = Debug|Any CPU
		{C67E7CD5-16E8-494F-992D-949A675BF84B}.Debug|Any CPU.Build.0 = Debug|Any CPU
		{C67E7CD5-16E8-494F-992D-949A675BF84B}.Release|Any CPU.ActiveCfg = Release|Any CPU
		{C67E7CD5-16E8-494F-992D-949A675BF84B}.Release|Any CPU.Build.0 = Release|Any CPU
		{1613A081-4D59-4E3D-B35A-CD474A78F1EB}.Debug|Any CPU.ActiveCfg = Debug|Any CPU
		{1613A081-4D59-4E3D-B35A-CD474A78F1EB}.Debug|Any CPU.Build.0 = Debug|Any CPU
		{1613A081-4D59-4E3D-B35A-CD474A78F1EB}.Release|Any CPU.ActiveCfg = Release|Any CPU
		{1613A081-4D59-4E3D-B35A-CD474A78F1EB}.Release|Any CPU.Build.0 = Release|Any CPU
	EndGlobalSection
	GlobalSection(SolutionProperties) = preSolution
		HideSolutionNode = FALSE
	EndGlobalSection
	GlobalSection(NestedProjects) = preSolution
		{FC5470D7-83E1-4960-BB8E-C15D9A66370B} = {139FFCCD-2B73-436E-9DD7-F79885A5245D}
		{5531F98E-E309-4601-8AC5-95AF09206650} = {139FFCCD-2B73-436E-9DD7-F79885A5245D}
		{0775B208-5B5E-44E5-904E-7872E59120F4} = {CBE9A545-BABE-47D5-849D-4837BE55CDC9}
		{829CF817-FC2F-4045-AB6C-474F51A83BC8} = {CBE9A545-BABE-47D5-849D-4837BE55CDC9}
		{1613A081-4D59-4E3D-B35A-CD474A78F1EB} = {CBE9A545-BABE-47D5-849D-4837BE55CDC9}
	EndGlobalSection
	GlobalSection(ExtensibilityGlobals) = postSolution
		SolutionGuid = {B05F6DC4-B656-49FA-8764-E8B3B3828724}
	EndGlobalSection
EndGlobal
